{
  "version": "4",
  "specifiers": {
    "jsr:@david/dax@0.42": "0.42.0",
    "jsr:@david/path@0.2": "0.2.0",
    "jsr:@david/which@~0.4.1": "0.4.1",
    "jsr:@db/sqlite@0.12": "0.12.0",
    "jsr:@denosaurs/plug@1": "1.0.6",
    "jsr:@sallai/ask@^2.0.2": "2.0.2",
    "jsr:@sallai/iro@^1.0.3": "1.0.4",
    "jsr:@std/assert@*": "0.224.0",
    "jsr:@std/assert@0.217": "0.217.0",
    "jsr:@std/assert@0.221": "0.221.0",
    "jsr:@std/assert@0.224": "0.224.0",
    "jsr:@std/assert@1": "1.0.11",
    "jsr:@std/assert@^1.0.11": "1.0.11",
    "jsr:@std/async@*": "1.0.10",
    "jsr:@std/bytes@0.221": "0.221.0",
    "jsr:@std/bytes@^1.0.4": "1.0.4",
    "jsr:@std/cli@^1.0.11": "1.0.11",
    "jsr:@std/cli@^1.0.7": "1.0.11",
    "jsr:@std/encoding@0.221": "0.221.0",
    "jsr:@std/fmt@0.221": "0.221.0",
    "jsr:@std/fmt@0.224": "0.224.0",
    "jsr:@std/fmt@1": "1.0.3",
    "jsr:@std/fs@0.221": "0.221.0",
    "jsr:@std/fs@1": "1.0.10",
    "jsr:@std/fs@^1.0.10": "1.0.10",
    "jsr:@std/fs@^1.0.5": "1.0.10",
    "jsr:@std/internal@0.224": "0.224.0",
    "jsr:@std/internal@^1.0.5": "1.0.5",
    "jsr:@std/io@0.221": "0.221.0",
    "jsr:@std/io@0.225": "0.225.1",
    "jsr:@std/io@~0.225.1": "0.225.1",
    "jsr:@std/path@0.217": "0.217.0",
    "jsr:@std/path@0.221": "0.221.0",
    "jsr:@std/path@1": "1.0.8",
    "jsr:@std/path@^1.0.7": "1.0.8",
    "jsr:@std/path@^1.0.8": "1.0.8",
    "jsr:@std/streams@0.221": "0.221.0",
    "npm:@ai-sdk/cerebras@~0.1.6": "0.1.6_zod@3.24.1",
    "npm:@ai-sdk/groq@^1.1.6": "1.1.6_zod@3.24.1",
    "npm:@hono/valibot-validator@~0.5.2": "0.5.2_hono@4.6.19_valibot@1.0.0-beta.14",
    "npm:@openrouter/ai-sdk-provider@^0.0.6": "0.0.6_zod@3.24.1",
    "npm:@tailwindcss/cli@*": "4.0.1",
    "npm:@tailwindcss/cli@^4.0.1": "4.0.1",
    "npm:@tailwindcss/postcss@4.0.0-beta.6": "4.0.0-beta.6",
    "npm:@tailwindcss/postcss@^4.0.1": "4.0.1",
    "npm:@types/node@*": "22.5.4",
    "npm:ai@^4.1.11": "4.1.11",
    "npm:create-desktop-shortcuts@^1.11.0": "1.11.0",
    "npm:hono@^4.6.19": "4.6.19",
    "npm:ofetch@^1.4.1": "1.4.1",
    "npm:postcss@8.4.49": "8.4.49",
    "npm:postcss@^8.5.1": "8.5.1",
    "npm:tailwindcss@^4.0.1": "4.0.1",
    "npm:valibot@^1.0.0-beta.14": "1.0.0-beta.14",
    "npm:zod@^3.24.1": "3.24.1"
  },
  "jsr": {
    "@david/dax@0.42.0": {
      "integrity": "0c547c9a20577a6072b90def194c159c9ddab82280285ebfd8268a4ebefbd80b",
      "dependencies": [
        "jsr:@david/path",
        "jsr:@david/which",
        "jsr:@std/fmt@1",
        "jsr:@std/fs@1",
        "jsr:@std/io@0.221",
        "jsr:@std/path@1",
        "jsr:@std/streams"
      ]
    },
    "@david/path@0.2.0": {
      "integrity": "f2d7aa7f02ce5a55e27c09f9f1381794acb09d328f8d3c8a2e3ab3ffc294dccd",
      "dependencies": [
        "jsr:@std/fs@1",
        "jsr:@std/path@1"
      ]
    },
    "@david/which@0.4.1": {
      "integrity": "896a682b111f92ab866cc70c5b4afab2f5899d2f9bde31ed00203b9c250f225e"
    },
    "@db/sqlite@0.12.0": {
      "integrity": "dd1ef7f621ad50fc1e073a1c3609c4470bd51edc0994139c5bf9851de7a6d85f",
      "dependencies": [
        "jsr:@denosaurs/plug",
        "jsr:@std/path@0.217"
      ]
    },
    "@denosaurs/plug@1.0.6": {
      "integrity": "6cf5b9daba7799837b9ffbe89f3450510f588fafef8115ddab1ff0be9cb7c1a7",
      "dependencies": [
        "jsr:@std/encoding",
        "jsr:@std/fmt@0.221",
        "jsr:@std/fs@0.221",
        "jsr:@std/path@0.221"
      ]
    },
    "@sallai/ask@2.0.2": {
      "integrity": "8a1d3cfe5f5a1d4b1e66412c7537f8879b8e70b949076ae9d2e05cff4a82ab42",
      "dependencies": [
        "jsr:@sallai/iro",
        "jsr:@std/io@0.225"
      ]
    },
    "@sallai/iro@1.0.4": {
      "integrity": "e14f39c7b80e80994788a8542b2c4983554fd4bb6d2f2a09471327f9cf37ee36"
    },
    "@std/assert@0.217.0": {
      "integrity": "c98e279362ca6982d5285c3b89517b757c1e3477ee9f14eb2fdf80a45aaa9642"
    },
    "@std/assert@0.221.0": {
      "integrity": "a5f1aa6e7909dbea271754fd4ab3f4e687aeff4873b4cef9a320af813adb489a"
    },
    "@std/assert@0.224.0": {
      "integrity": "8643233ec7aec38a940a8264a6e3eed9bfa44e7a71cc6b3c8874213ff401967f",
      "dependencies": [
        "jsr:@std/fmt@0.224",
        "jsr:@std/internal@0.224"
      ]
    },
    "@std/assert@1.0.11": {
      "integrity": "2461ef3c368fe88bc60e186e7744a93112f16fd110022e113a0849e94d1c83c1",
      "dependencies": [
        "jsr:@std/internal@^1.0.5"
      ]
    },
    "@std/async@1.0.10": {
      "integrity": "2ff1b1c7d33d1416159989b0f69e59ec7ee8cb58510df01e454def2108b3dbec"
    },
    "@std/bytes@0.221.0": {
      "integrity": "64a047011cf833890a4a2ab7293ac55a1b4f5a050624ebc6a0159c357de91966"
    },
    "@std/bytes@1.0.4": {
      "integrity": "11a0debe522707c95c7b7ef89b478c13fb1583a7cfb9a85674cd2cc2e3a28abc"
    },
    "@std/cli@1.0.7": {
      "integrity": "98359df9df586a69015ba570305183b0cb9e7d53c05ea2016ef9a3e77e82c7cd"
    },
    "@std/cli@1.0.11": {
      "integrity": "ec219619fdcd31bcf0d8e53bee1e2706ec9a02f70255365a094f69755dadd340"
    },
    "@std/encoding@0.221.0": {
      "integrity": "d1dd76ef0dc5d14088411e6dc1dede53bf8308c95d1537df1214c97137208e45"
    },
    "@std/fmt@0.221.0": {
      "integrity": "379fed69bdd9731110f26b9085aeb740606b20428ce6af31ef6bd45ef8efa62a"
    },
    "@std/fmt@0.224.0": {
      "integrity": "e20e9a2312a8b5393272c26191c0a68eda8d2c4b08b046bad1673148f1d69851"
    },
    "@std/fmt@1.0.3": {
      "integrity": "97765c16aa32245ff4e2204ecf7d8562496a3cb8592340a80e7e554e0bb9149f"
    },
    "@std/fs@0.221.0": {
      "integrity": "028044450299de8ed5a716ade4e6d524399f035513b85913794f4e81f07da286",
      "dependencies": [
        "jsr:@std/assert@0.221",
        "jsr:@std/path@0.221"
      ]
    },
    "@std/fs@1.0.5": {
      "integrity": "41806ad6823d0b5f275f9849a2640d87e4ef67c51ee1b8fb02426f55e02fd44e",
      "dependencies": [
        "jsr:@std/path@^1.0.7"
      ]
    },
    "@std/fs@1.0.10": {
      "integrity": "bf041f9d7a0a460817f0421be8946d0e06011b3433e6c83a215628de5e3c7c2c",
      "dependencies": [
        "jsr:@std/path@^1.0.8"
      ]
    },
    "@std/internal@0.224.0": {
      "integrity": "afc50644f9cdf4495eeb80523a8f6d27226b4b36c45c7c195dfccad4b8509291",
      "dependencies": [
        "jsr:@std/fmt@0.224"
      ]
    },
    "@std/internal@1.0.5": {
      "integrity": "54a546004f769c1ac9e025abd15a76b6671ddc9687e2313b67376125650dc7ba"
    },
    "@std/io@0.221.0": {
      "integrity": "faf7f8700d46ab527fa05cc6167f4b97701a06c413024431c6b4d207caa010da",
      "dependencies": [
        "jsr:@std/assert@0.221",
        "jsr:@std/bytes@0.221"
      ]
    },
    "@std/io@0.225.1": {
      "integrity": "0a055fa523288d596f09ba11af5e006f17cecc75bab949b233ceba7eba40293e",
      "dependencies": [
        "jsr:@std/bytes@^1.0.4"
      ]
    },
    "@std/path@0.217.0": {
      "integrity": "1217cc25534bca9a2f672d7fe7c6f356e4027df400c0e85c0ef3e4343bc67d11",
      "dependencies": [
        "jsr:@std/assert@0.217"
      ]
    },
    "@std/path@0.221.0": {
      "integrity": "0a36f6b17314ef653a3a1649740cc8db51b25a133ecfe838f20b79a56ebe0095",
      "dependencies": [
        "jsr:@std/assert@0.221"
      ]
    },
    "@std/path@1.0.7": {
      "integrity": "76a689e07f0e15dcc6002ec39d0866797e7156629212b28f27179b8a5c3b33a1"
    },
    "@std/path@1.0.8": {
      "integrity": "548fa456bb6a04d3c1a1e7477986b6cffbce95102d0bb447c67c4ee70e0364be"
    },
    "@std/streams@0.221.0": {
      "integrity": "47f2f74634b47449277c0ee79fe878da4424b66bd8975c032e3afdca88986e61",
      "dependencies": [
        "jsr:@std/io@0.221"
      ]
    }
  },
  "npm": {
    "@ai-sdk/cerebras@0.1.6_zod@3.24.1": {
      "integrity": "sha512-tlsUTpx6YclRP4SfX6Qbep9jS3I1sCd48ITDXwJBHk8rb+3TWwsIKQmfXGG7bpUnZsner+2nEcq3LxoQs1z5vA==",
      "dependencies": [
        "@ai-sdk/openai-compatible",
        "@ai-sdk/provider@1.0.6",
        "@ai-sdk/provider-utils@2.1.5_zod@3.24.1",
        "zod"
      ]
    },
    "@ai-sdk/groq@1.1.6_zod@3.24.1": {
      "integrity": "sha512-mijMsf9St0f0GoXc+/KWTnHiGI6Ufqex+IbkJB/1Se3QNN/COtoc+Vt8EqHxlyI9LPgvxkl1t42TEyYlTCjGuw==",
      "dependencies": [
        "@ai-sdk/provider@1.0.6",
        "@ai-sdk/provider-utils@2.1.5_zod@3.24.1",
        "zod"
      ]
    },
    "@ai-sdk/openai-compatible@0.1.6_zod@3.24.1": {
      "integrity": "sha512-8byBCRZqdhIP4C6ch4kZ1yjJF6yLUCXik82+71KF3okv5Jl+Gi6qo3P7MJb/LpkdSvXa6lEroNXPr4itThWbxA==",
      "dependencies": [
        "@ai-sdk/provider@1.0.6",
        "@ai-sdk/provider-utils@2.1.5_zod@3.24.1",
        "zod"
      ]
    },
    "@ai-sdk/provider-utils@1.0.22_zod@3.24.1": {
      "integrity": "sha512-YHK2rpj++wnLVc9vPGzGFP3Pjeld2MwhKinetA0zKXOoHAT/Jit5O8kZsxcSlJPu9wvcGT1UGZEjZrtO7PfFOQ==",
      "dependencies": [
        "@ai-sdk/provider@0.0.26",
        "eventsource-parser@1.1.2",
        "nanoid",
        "secure-json-parse",
        "zod"
      ]
    },
    "@ai-sdk/provider-utils@2.1.5": {
      "integrity": "sha512-PcNR7E4ovZGV/J47gUqaFlvzorgca6uUfN5WzfXJSFWeOeLunN+oxRVwgUOwj0zbmO0yGQTHQD+FHVw8s3Rz8w==",
      "dependencies": [
        "@ai-sdk/provider@1.0.6",
        "eventsource-parser@3.0.0",
        "nanoid",
        "secure-json-parse"
      ]
    },
    "@ai-sdk/provider-utils@2.1.5_zod@3.24.1": {
      "integrity": "sha512-PcNR7E4ovZGV/J47gUqaFlvzorgca6uUfN5WzfXJSFWeOeLunN+oxRVwgUOwj0zbmO0yGQTHQD+FHVw8s3Rz8w==",
      "dependencies": [
        "@ai-sdk/provider@1.0.6",
        "eventsource-parser@3.0.0",
        "nanoid",
        "secure-json-parse",
        "zod"
      ]
    },
    "@ai-sdk/provider@0.0.26": {
      "integrity": "sha512-dQkfBDs2lTYpKM8389oopPdQgIU007GQyCbuPPrV+K6MtSII3HBfE0stUIMXUb44L+LK1t6GXPP7wjSzjO6uKg==",
      "dependencies": [
        "json-schema"
      ]
    },
    "@ai-sdk/provider@1.0.6": {
      "integrity": "sha512-hwj/gFNxpDgEfTaYzCYoslmw01IY9kWLKl/wf8xuPvHtQIzlfXWmmUwc8PnCwxyt8cKzIuV0dfUghCf68HQ0SA==",
      "dependencies": [
        "json-schema"
      ]
    },
    "@ai-sdk/react@1.1.6": {
      "integrity": "sha512-kP5pimLyNWldw8+0j3ym+AACFEXcQHdELNtk45wDJA3HoH486x/zffdn7yLc3c1DOu5apew+COl8CNL4A+2E4g==",
      "dependencies": [
        "@ai-sdk/provider-utils@2.1.5",
        "@ai-sdk/ui-utils",
        "swr",
        "throttleit"
      ]
    },
    "@ai-sdk/ui-utils@1.1.6": {
      "integrity": "sha512-YAwZhFwpIcvWERIjkET2o2MAwMFfJG18WdtcIjtxxMW7hA0bt5cliOV78DVcwRrxqJ2IKBlxaFmwUjW6M4SdOQ==",
      "dependencies": [
        "@ai-sdk/provider@1.0.6",
        "@ai-sdk/provider-utils@2.1.5",
        "zod-to-json-schema"
      ]
    },
    "@alloc/quick-lru@5.2.0": {
      "integrity": "sha512-UrcABB+4bUrFABwbluTIBErXwvbsU/V7TZWfmbgJfbkwiBuziS9gxdODUyuiecfdGQ85jglMW6juS3+z5TsKLw=="
    },
    "@hono/valibot-validator@0.5.2_hono@4.6.19_valibot@1.0.0-beta.14": {
      "integrity": "sha512-WbTr8PCFNAME0ale62rmmq+E8bGp5a7VPiVNmNT+Ue12GJE3Ax+CWBGtHhR0TzAEiloPvJND3IbjHIgtNtsqhw==",
      "dependencies": [
        "hono",
        "valibot"
      ]
    },
    "@openrouter/ai-sdk-provider@0.0.6_zod@3.24.1": {
      "integrity": "sha512-gQY8xIAjL+KnralHetMhNRcSf0Xx2gRSKUQNadXSXQhcrSnjT53qJtYELLSR1elkOCiDkggV4ce7ROqDYOaJ+w==",
      "dependencies": [
        "@ai-sdk/provider@0.0.26",
        "@ai-sdk/provider-utils@1.0.22_zod@3.24.1",
        "zod"
      ]
    },
    "@opentelemetry/api@1.9.0": {
      "integrity": "sha512-3giAOQvZiH5F9bMlMiv8+GSPMeqg0dbaeo58/0SlA9sxSqZhnUtxzX9/2FzyhS9sWQf5S0GJE0AKBrFqjpeYcg=="
    },
    "@parcel/watcher-android-arm64@2.5.1": {
      "integrity": "sha512-KF8+j9nNbUN8vzOFDpRMsaKBHZ/mcjEjMToVMJOhTozkDonQFFrRcfdLWn6yWKCmJKmdVxSgHiYvTCef4/qcBA=="
    },
    "@parcel/watcher-darwin-arm64@2.5.1": {
      "integrity": "sha512-eAzPv5osDmZyBhou8PoF4i6RQXAfeKL9tjb3QzYuccXFMQU0ruIc/POh30ePnaOyD1UXdlKguHBmsTs53tVoPw=="
    },
    "@parcel/watcher-darwin-x64@2.5.1": {
      "integrity": "sha512-1ZXDthrnNmwv10A0/3AJNZ9JGlzrF82i3gNQcWOzd7nJ8aj+ILyW1MTxVk35Db0u91oD5Nlk9MBiujMlwmeXZg=="
    },
    "@parcel/watcher-freebsd-x64@2.5.1": {
      "integrity": "sha512-SI4eljM7Flp9yPuKi8W0ird8TI/JK6CSxju3NojVI6BjHsTyK7zxA9urjVjEKJ5MBYC+bLmMcbAWlZ+rFkLpJQ=="
    },
    "@parcel/watcher-linux-arm-glibc@2.5.1": {
      "integrity": "sha512-RCdZlEyTs8geyBkkcnPWvtXLY44BCeZKmGYRtSgtwwnHR4dxfHRG3gR99XdMEdQ7KeiDdasJwwvNSF5jKtDwdA=="
    },
    "@parcel/watcher-linux-arm-musl@2.5.1": {
      "integrity": "sha512-6E+m/Mm1t1yhB8X412stiKFG3XykmgdIOqhjWj+VL8oHkKABfu/gjFj8DvLrYVHSBNC+/u5PeNrujiSQ1zwd1Q=="
    },
    "@parcel/watcher-linux-arm64-glibc@2.5.1": {
      "integrity": "sha512-LrGp+f02yU3BN9A+DGuY3v3bmnFUggAITBGriZHUREfNEzZh/GO06FF5u2kx8x+GBEUYfyTGamol4j3m9ANe8w=="
    },
    "@parcel/watcher-linux-arm64-musl@2.5.1": {
      "integrity": "sha512-cFOjABi92pMYRXS7AcQv9/M1YuKRw8SZniCDw0ssQb/noPkRzA+HBDkwmyOJYp5wXcsTrhxO0zq1U11cK9jsFg=="
    },
    "@parcel/watcher-linux-x64-glibc@2.5.1": {
      "integrity": "sha512-GcESn8NZySmfwlTsIur+49yDqSny2IhPeZfXunQi48DMugKeZ7uy1FX83pO0X22sHntJ4Ub+9k34XQCX+oHt2A=="
    },
    "@parcel/watcher-linux-x64-musl@2.5.1": {
      "integrity": "sha512-n0E2EQbatQ3bXhcH2D1XIAANAcTZkQICBPVaxMeaCVBtOpBZpWJuf7LwyWPSBDITb7In8mqQgJ7gH8CILCURXg=="
    },
    "@parcel/watcher-win32-arm64@2.5.1": {
      "integrity": "sha512-RFzklRvmc3PkjKjry3hLF9wD7ppR4AKcWNzH7kXR7GUe0Igb3Nz8fyPwtZCSquGrhU5HhUNDr/mKBqj7tqA2Vw=="
    },
    "@parcel/watcher-win32-ia32@2.5.1": {
      "integrity": "sha512-c2KkcVN+NJmuA7CGlaGD1qJh1cLfDnQsHjE89E60vUEMlqduHGCdCLJCID5geFVM0dOtA3ZiIO8BoEQmzQVfpQ=="
    },
    "@parcel/watcher-win32-x64@2.5.1": {
      "integrity": "sha512-9lHBdJITeNR++EvSQVUcaZoWupyHfXe1jZvGZ06O/5MflPcuPLtEphScIBL+AiCWBO46tDSHzWyD0uDmmZqsgA=="
    },
    "@parcel/watcher@2.5.1": {
      "integrity": "sha512-dfUnCxiN9H4ap84DvD2ubjw+3vUNpstxa0TneY/Paat8a3R4uQZDLSvWjmznAY/DoahqTHl9V46HF/Zs3F29pg==",
      "dependencies": [
        "@parcel/watcher-android-arm64",
        "@parcel/watcher-darwin-arm64",
        "@parcel/watcher-darwin-x64",
        "@parcel/watcher-freebsd-x64",
        "@parcel/watcher-linux-arm-glibc",
        "@parcel/watcher-linux-arm-musl",
        "@parcel/watcher-linux-arm64-glibc",
        "@parcel/watcher-linux-arm64-musl",
        "@parcel/watcher-linux-x64-glibc",
        "@parcel/watcher-linux-x64-musl",
        "@parcel/watcher-win32-arm64",
        "@parcel/watcher-win32-ia32",
        "@parcel/watcher-win32-x64",
        "detect-libc",
        "is-glob",
        "micromatch",
        "node-addon-api"
      ]
    },
    "@tailwindcss/cli@4.0.1": {
      "integrity": "sha512-UuF9NNMdPAO3rSrTey33m6Qw0tX86t5Z+boxEqot8OBwqC8214ByV0/9ib0Y/ojzuZFWaeFldmvSEJsudNYvSg==",
      "dependencies": [
        "@parcel/watcher",
        "@tailwindcss/node@4.0.1",
        "@tailwindcss/oxide@4.0.1",
        "enhanced-resolve",
        "lightningcss",
        "mri",
        "picocolors",
        "tailwindcss@4.0.1"
      ]
    },
    "@tailwindcss/node@4.0.0-beta.6": {
      "integrity": "sha512-W07J19+05rRFKfk4sVtkNTb4iuGTI3BU6Ip/iEbb/w5NvaP+fSFK31OYFpJ+CXEWrbNgidUg46BQpw4Y1gophA==",
      "dependencies": [
        "enhanced-resolve",
        "jiti",
        "tailwindcss@4.0.0-beta.6"
      ]
    },
    "@tailwindcss/node@4.0.1": {
      "integrity": "sha512-lc+ly6PKHqgCVl7eO8D2JlV96Lks5bmL6pdtM6UasyUHLU2zmrOqU6jfgln120IVnCh3VC8GG/ca24xVTtSokw==",
      "dependencies": [
        "enhanced-resolve",
        "jiti",
        "tailwindcss@4.0.1"
      ]
    },
    "@tailwindcss/oxide-android-arm64@4.0.0-beta.6": {
      "integrity": "sha512-yrUH/IfhkJWSYjF86UxpwrfaO866MjOhVQKG+wCgp0+YZGwirs8vX//a+8Y0SpEJrO0PVgmUU7xbsIM1EQWyTw=="
    },
    "@tailwindcss/oxide-android-arm64@4.0.1": {
      "integrity": "sha512-eP/rI9WaAElpeiiHDqGtDqga9iDsOClXxIqdHayHsw93F24F03b60CwgGhrGF9Io/EuWIpz3TMRhPVOLhoXivw=="
    },
    "@tailwindcss/oxide-darwin-arm64@4.0.0-beta.6": {
      "integrity": "sha512-WqFHSD/kocp8rH3KYJow8zTatTEMfdrkZu2KL8nnKfuAEk+juJuUnOQaXDmfsYNQSkGjtnGdcB/fueq4UtUSvw=="
    },
    "@tailwindcss/oxide-darwin-arm64@4.0.1": {
      "integrity": "sha512-jZVUo0kNd1IjxdCYwg4dwegDNsq7PoUx4LM814RmgY3gfJ63Y6GlpJXHOpd5FLv1igpeZox5LzRk2oz8MQoJwQ=="
    },
    "@tailwindcss/oxide-darwin-x64@4.0.0-beta.6": {
      "integrity": "sha512-zFc/TTBkDNLOKl/G9i1JOpg0AgrUOgBcSgURT/E0RsF0ZcKdiIjcyNswNThmjQnj+JAA8QL1Rct+04dH5j7Xjw=="
    },
    "@tailwindcss/oxide-darwin-x64@4.0.1": {
      "integrity": "sha512-E31wHiIf4LB0aKRohrS4U6XfFSACCL9ifUFfPQ16FhcBIL4wU5rcBidvWvT9TQFGPkpE69n5dyXUcqiMrnF/Ig=="
    },
    "@tailwindcss/oxide-freebsd-x64@4.0.0-beta.6": {
      "integrity": "sha512-J3+uiPmKTeyefQBy4F0fz5sBQOj9eUTke6W/do/CplM5zXORQVCOKnrY2CPyDpN9bh4TYutldoiI0BP0Yo2ShA=="
    },
    "@tailwindcss/oxide-freebsd-x64@4.0.1": {
      "integrity": "sha512-8/3ZKLMYqgAsBzTeczOKWtT4geF02g9S7cntY5gvqQZ4E0ImX724cHcZJi9k6fkE6aLbvwxxHxaShFvRxblwKQ=="
    },
    "@tailwindcss/oxide-linux-arm-gnueabihf@4.0.0-beta.6": {
      "integrity": "sha512-oWAwN6LjX2KH8ej0a/Uc1qnuy0ZSyAwOoJ1Fm2s38ipDmvxC8ARkNfWbYKN/D7dFhY7T3NMV4qjzamFKsrgchQ=="
    },
    "@tailwindcss/oxide-linux-arm-gnueabihf@4.0.1": {
      "integrity": "sha512-EYjbh225klQfWzy6LeIAfdjHCK+p71yLV/GjdPNW47Bfkkq05fTzIhHhCgshUvNp78EIA33iQU+ktWpW06NgHw=="
    },
    "@tailwindcss/oxide-linux-arm64-gnu@4.0.0-beta.6": {
      "integrity": "sha512-p5jDtF6P3gOPl4eOH0YsN09yx/kXqLbgy4VMnOA9DB6Nlt+RVwM+JDa+RK/GAHL/qkAqO6YBEHeBURbWOeSuBw=="
    },
    "@tailwindcss/oxide-linux-arm64-gnu@4.0.1": {
      "integrity": "sha512-PrX2SwIqWNP5cYeSyQfrhbk4ffOM338T6CrEwIAGvLPoUZiklt19yknlsBme6bReSw7TSAMy+8KFdLLi5fcWNQ=="
    },
    "@tailwindcss/oxide-linux-arm64-musl@4.0.0-beta.6": {
      "integrity": "sha512-ZI92S4LFuXx50gzkv98RXmybbRga183Y3NwBrQ+PfbRUOgDR0/tyT3Zh4CF/0eL9zzxa1mIE7cBbQjXNnejYqQ=="
    },
    "@tailwindcss/oxide-linux-arm64-musl@4.0.1": {
      "integrity": "sha512-iuoFGhKDojtfloi5uj6MIk4kxEOGcsAk/kPbZItF9Dp7TnzVhxo2U/718tXhxGrg6jSL3ST3cQHIjA6yw3OeXw=="
    },
    "@tailwindcss/oxide-linux-x64-gnu@4.0.0-beta.6": {
      "integrity": "sha512-F0z48W0Yksrw+xg0GK54wUFa0KmFO9lpbKy2u/2yZtHs+ZwJ55PjdljjW1OJzEHpD81AT+8DT1PhNCkaqpOlqg=="
    },
    "@tailwindcss/oxide-linux-x64-gnu@4.0.1": {
      "integrity": "sha512-pNUrGQYyE8RK+N9yvkPmHnlKDfFbni9A3lsi37u4RoA/6Yn+zWVoegvAQMZu3w+jqnpb2A/bYJ+LumcclUZ3yg=="
    },
    "@tailwindcss/oxide-linux-x64-musl@4.0.0-beta.6": {
      "integrity": "sha512-GQx5f3qzLuAO7s1NTGY8PDhiEvrRTgYQhGN8HzH1LhP+URSbwgysyHKWFacejWrZS2azr6jlE84usxk8yn/7Xg=="
    },
    "@tailwindcss/oxide-linux-x64-musl@4.0.1": {
      "integrity": "sha512-xSGWaDcT6SJ75su9zWXj8GYb2jM/przXwZGH96RTS7HGDIoI1tvgpls88YajG5Sx7hXaqAWCufjw5L/dlu+lzg=="
    },
    "@tailwindcss/oxide-win32-arm64-msvc@4.0.0-beta.6": {
      "integrity": "sha512-DUs1A5rVK1Da7XvY2FzVgS+5vinwVDOeXgOsL6dblL8ag70wlwzZjyB3YRbxKRekPynwKdILgIv8/TYE3cv7AQ=="
    },
    "@tailwindcss/oxide-win32-arm64-msvc@4.0.1": {
      "integrity": "sha512-BUNL2isUZ2yWnbplPddggJpZxsqGHPZ1RJAYpu63W4znUnKCzI4m/jiy0WpyYqqOKL9jDM5q0QdsQ9mc3aw5YQ=="
    },
    "@tailwindcss/oxide-win32-x64-msvc@4.0.0-beta.6": {
      "integrity": "sha512-VRsHAs3QBZa88N2Bp+LOV1vxr6f82L3KtamLIhyNTYXnEQjJxazaGwVow0VzN9sru2MTvcXjVFwdd9hUbeBKbA=="
    },
    "@tailwindcss/oxide-win32-x64-msvc@4.0.1": {
      "integrity": "sha512-ZtcVu+XXOddGsPlvO5nh2fnbKmwly2C07ZB1lcYCf/b8qIWF04QY9o6vy6/+6ioLRfbp3E7H/ipFio38DZX4oQ=="
    },
    "@tailwindcss/oxide@4.0.0-beta.6": {
      "integrity": "sha512-i/Fg/rXYwzV7OJEXbcwjNVkYPgnyfLdYXtduOX7Kvf686xn6jR/k6bhl9fVkQcDb/ujyKzNjD2POAjwhHAC8aw==",
      "dependencies": [
        "@tailwindcss/oxide-android-arm64@4.0.0-beta.6",
        "@tailwindcss/oxide-darwin-arm64@4.0.0-beta.6",
        "@tailwindcss/oxide-darwin-x64@4.0.0-beta.6",
        "@tailwindcss/oxide-freebsd-x64@4.0.0-beta.6",
        "@tailwindcss/oxide-linux-arm-gnueabihf@4.0.0-beta.6",
        "@tailwindcss/oxide-linux-arm64-gnu@4.0.0-beta.6",
        "@tailwindcss/oxide-linux-arm64-musl@4.0.0-beta.6",
        "@tailwindcss/oxide-linux-x64-gnu@4.0.0-beta.6",
        "@tailwindcss/oxide-linux-x64-musl@4.0.0-beta.6",
        "@tailwindcss/oxide-win32-arm64-msvc@4.0.0-beta.6",
        "@tailwindcss/oxide-win32-x64-msvc@4.0.0-beta.6"
      ]
    },
    "@tailwindcss/oxide@4.0.1": {
      "integrity": "sha512-3z1SpWoDeaA6K6jd92CRrGyDghOcRILEgyWVHRhaUm/tcpiazwJpU9BSG0xB7GGGnl9capojaC+zme/nKsZd/w==",
      "dependencies": [
        "@tailwindcss/oxide-android-arm64@4.0.1",
        "@tailwindcss/oxide-darwin-arm64@4.0.1",
        "@tailwindcss/oxide-darwin-x64@4.0.1",
        "@tailwindcss/oxide-freebsd-x64@4.0.1",
        "@tailwindcss/oxide-linux-arm-gnueabihf@4.0.1",
        "@tailwindcss/oxide-linux-arm64-gnu@4.0.1",
        "@tailwindcss/oxide-linux-arm64-musl@4.0.1",
        "@tailwindcss/oxide-linux-x64-gnu@4.0.1",
        "@tailwindcss/oxide-linux-x64-musl@4.0.1",
        "@tailwindcss/oxide-win32-arm64-msvc@4.0.1",
        "@tailwindcss/oxide-win32-x64-msvc@4.0.1"
      ]
    },
    "@tailwindcss/postcss@4.0.0-beta.6": {
      "integrity": "sha512-zTOUcNovZ1v3Uuu1ftFEYr8HUTEA5e06pwN4G5VceoA0n5NQ0HC/3rfLkSpSj5rAd7Z/KGXBMdD9IAJp6eMSbA==",
      "dependencies": [
        "@alloc/quick-lru",
        "@tailwindcss/node@4.0.0-beta.6",
        "@tailwindcss/oxide@4.0.0-beta.6",
        "lightningcss",
        "postcss@8.4.49",
        "tailwindcss@4.0.0-beta.6"
      ]
    },
    "@tailwindcss/postcss@4.0.1": {
      "integrity": "sha512-fZHL49vCDauQymdm2U1jehuUeX8msYVDKB/2v+jWhTQleH3QE8J1dJ2dnL5tqRvB0udjBP4kwUC1ZIVIdv66YA==",
      "dependencies": [
        "@alloc/quick-lru",
        "@tailwindcss/node@4.0.1",
        "@tailwindcss/oxide@4.0.1",
        "lightningcss",
        "postcss@8.5.1",
        "tailwindcss@4.0.1"
      ]
    },
    "@types/diff-match-patch@1.0.36": {
      "integrity": "sha512-xFdR6tkm0MWvBfO8xXCSsinYxHcqkQUlcHeSpMC2ukzOb6lwQAfDmW+Qt0AvlGd8HpsS28qKsB+oPeJn9I39jg=="
    },
    "@types/node@22.5.4": {
      "integrity": "sha512-FDuKUJQm/ju9fT/SeX/6+gBzoPzlVCzfzmGkwKvRHQVxi4BntVbyIwf6a4Xn62mrvndLiml6z/UBXIdEVjQLXg==",
      "dependencies": [
        "undici-types"
      ]
    },
    "ai@4.1.11": {
      "integrity": "sha512-390dahvdwt/kKCq63dyi3M7pq6iWVk9MpfY9C5+RpyDWb50tohUwxntnUvB4Y/cOXGn4Miavdo1g8JbCxsd7wg==",
      "dependencies": [
        "@ai-sdk/provider@1.0.6",
        "@ai-sdk/provider-utils@2.1.5",
        "@ai-sdk/react",
        "@ai-sdk/ui-utils",
        "@opentelemetry/api",
        "jsondiffpatch"
      ]
    },
    "braces@3.0.3": {
      "integrity": "sha512-yQbXgO/OSZVD2IsiLlro+7Hf6Q18EJrKSEsdoMzKePKXct3gvD8oLcOQdIzGupr5Fj+EDe8gO/lxc1BzfMpxvA==",
      "dependencies": [
        "fill-range"
      ]
    },
    "chalk@5.4.1": {
      "integrity": "sha512-zgVZuo2WcZgfUEmsn6eO3kINexW8RAE4maiQ8QNs8CtpPCSyMiYsULR3HQYkm3w8FIA3SberyMJMSldGsW+U3w=="
    },
    "create-desktop-shortcuts@1.11.0": {
      "integrity": "sha512-nmVtPVqNyMuAyMpDnd7l++hb2laqCWZXnHQaFhqGT1YEi2Ve3unu6QyuyIpGxAwIscNHcG1Ehnl+lFw6ygB2nQ==",
      "dependencies": [
        "which"
      ]
    },
    "dequal@2.0.3": {
      "integrity": "sha512-0je+qPKHEMohvfRTCEo3CrPG6cAzAYgmzKyxRiYSSDkS6eGJdyVJm7WaYA5ECaAD9wLB2T4EEeymA5aFVcYXCA=="
    },
    "destr@2.0.3": {
      "integrity": "sha512-2N3BOUU4gYMpTP24s5rF5iP7BDr7uNTCs4ozw3kf/eKfvWSIu93GEBi5m427YoyJoeOzQ5smuu4nNAPGb8idSQ=="
    },
    "detect-libc@1.0.3": {
      "integrity": "sha512-pGjwhsmsp4kL2RTz08wcOlGN83otlqHeD/Z5T8GXZB+/YcpQ/dgo+lbU8ZsGxV0HIvqqxo9l7mqYwyYMD9bKDg=="
    },
    "diff-match-patch@1.0.5": {
      "integrity": "sha512-IayShXAgj/QMXgB0IWmKx+rOPuGMhqm5w6jvFxmVenXKIzRqTAAsbBPT3kWQeGANj3jGgvcvv4yK6SxqYmikgw=="
    },
    "enhanced-resolve@5.18.0": {
      "integrity": "sha512-0/r0MySGYG8YqlayBZ6MuCfECmHFdJ5qyPh8s8wa5Hnm6SaFLSK1VYCbj+NKp090Nm1caZhD+QTnmxO7esYGyQ==",
      "dependencies": [
        "graceful-fs",
        "tapable"
      ]
    },
    "eventsource-parser@1.1.2": {
      "integrity": "sha512-v0eOBUbiaFojBu2s2NPBfYUoRR9GjcDNvCXVaqEf5vVfpIAh9f8RCo4vXTP8c63QRKCFwoLpMpTdPwwhEKVgzA=="
    },
    "eventsource-parser@3.0.0": {
      "integrity": "sha512-T1C0XCUimhxVQzW4zFipdx0SficT651NnkR0ZSH3yQwh+mFMdLfgjABVi4YtMTtaL4s168593DaoaRLMqryavA=="
    },
    "fill-range@7.1.1": {
      "integrity": "sha512-YsGpe3WHLK8ZYi4tWDg2Jy3ebRz2rXowDxnld4bkQB00cc/1Zw9AWnC0i9ztDJitivtQvaI9KaLyKrc+hBW0yg==",
      "dependencies": [
        "to-regex-range"
      ]
    },
    "graceful-fs@4.2.11": {
      "integrity": "sha512-RbJ5/jmFcNNCcDV5o9eTnBLJ/HszWV0P73bc+Ff4nS/rJj+YaS6IGyiOL0VoBYX+l1Wrl3k63h/KrH+nhJ0XvQ=="
    },
    "hono@4.6.19": {
      "integrity": "sha512-Xw5DwU2cewEsQ1DkDCdy6aBJkEBARl5loovoL1gL3/gw81RdaPbXrNJYp3LoQpzpJ7ECC/1OFi/vn3UZTLHFEw=="
    },
    "is-extglob@2.1.1": {
      "integrity": "sha512-SbKbANkN603Vi4jEZv49LeVJMn4yGwsbzZworEoyEiutsN3nJYdbO36zfhGJ6QEDpOZIFkDtnq5JRxmvl3jsoQ=="
    },
    "is-glob@4.0.3": {
      "integrity": "sha512-xelSayHH36ZgE7ZWhli7pW34hNbNl8Ojv5KVmkJD4hBdD3th8Tfk9vYasLM+mXWOZhFkgZfxhLSnrwRr4elSSg==",
      "dependencies": [
        "is-extglob"
      ]
    },
    "is-number@7.0.0": {
      "integrity": "sha512-41Cifkg6e8TylSpdtTpeLVMqvSBEVzTttHvERD741+pnZ8ANv0004MRL43QKPDlK9cGvNp6NZWZUBlbGXYxxng=="
    },
    "isexe@2.0.0": {
      "integrity": "sha512-RHxMLp9lnKHGHRng9QFhRCMbYAcVpn69smSGcq3f36xjgVVWThj4qqLbTLlq7Ssj8B+fIQ1EuCEGI2lKsyQeIw=="
    },
    "jiti@2.4.2": {
      "integrity": "sha512-rg9zJN+G4n2nfJl5MW3BMygZX56zKPNVEYYqq7adpmMh4Jn2QNEwhvQlFy6jPVdcod7txZtKHWnyZiA3a0zP7A=="
    },
    "json-schema@0.4.0": {
      "integrity": "sha512-es94M3nTIfsEPisRafak+HDLfHXnKBhV3vU5eqPcS3flIWqcxJWgXHXiey3YrpaNsanY5ei1VoYEbOzijuq9BA=="
    },
    "jsondiffpatch@0.6.0": {
      "integrity": "sha512-3QItJOXp2AP1uv7waBkao5nCvhEv+QmJAd38Ybq7wNI74Q+BBmnLn4EDKz6yI9xGAIQoUF87qHt+kc1IVxB4zQ==",
      "dependencies": [
        "@types/diff-match-patch",
        "chalk",
        "diff-match-patch"
      ]
    },
    "lightningcss-darwin-arm64@1.29.1": {
      "integrity": "sha512-HtR5XJ5A0lvCqYAoSv2QdZZyoHNttBpa5EP9aNuzBQeKGfbyH5+UipLWvVzpP4Uml5ej4BYs5I9Lco9u1fECqw=="
    },
    "lightningcss-darwin-x64@1.29.1": {
      "integrity": "sha512-k33G9IzKUpHy/J/3+9MCO4e+PzaFblsgBjSGlpAaFikeBFm8B/CkO3cKU9oI4g+fjS2KlkLM/Bza9K/aw8wsNA=="
    },
    "lightningcss-freebsd-x64@1.29.1": {
      "integrity": "sha512-0SUW22fv/8kln2LnIdOCmSuXnxgxVC276W5KLTwoehiO0hxkacBxjHOL5EtHD8BAXg2BvuhsJPmVMasvby3LiQ=="
    },
    "lightningcss-linux-arm-gnueabihf@1.29.1": {
      "integrity": "sha512-sD32pFvlR0kDlqsOZmYqH/68SqUMPNj+0pucGxToXZi4XZgZmqeX/NkxNKCPsswAXU3UeYgDSpGhu05eAufjDg=="
    },
    "lightningcss-linux-arm64-gnu@1.29.1": {
      "integrity": "sha512-0+vClRIZ6mmJl/dxGuRsE197o1HDEeeRk6nzycSy2GofC2JsY4ifCRnvUWf/CUBQmlrvMzt6SMQNMSEu22csWQ=="
    },
    "lightningcss-linux-arm64-musl@1.29.1": {
      "integrity": "sha512-UKMFrG4rL/uHNgelBsDwJcBqVpzNJbzsKkbI3Ja5fg00sgQnHw/VrzUTEc4jhZ+AN2BvQYz/tkHu4vt1kLuJyw=="
    },
    "lightningcss-linux-x64-gnu@1.29.1": {
      "integrity": "sha512-u1S+xdODy/eEtjADqirA774y3jLcm8RPtYztwReEXoZKdzgsHYPl0s5V52Tst+GKzqjebkULT86XMSxejzfISw=="
    },
    "lightningcss-linux-x64-musl@1.29.1": {
      "integrity": "sha512-L0Tx0DtaNUTzXv0lbGCLB/c/qEADanHbu4QdcNOXLIe1i8i22rZRpbT3gpWYsCh9aSL9zFujY/WmEXIatWvXbw=="
    },
    "lightningcss-win32-arm64-msvc@1.29.1": {
      "integrity": "sha512-QoOVnkIEFfbW4xPi+dpdft/zAKmgLgsRHfJalEPYuJDOWf7cLQzYg0DEh8/sn737FaeMJxHZRc1oBreiwZCjog=="
    },
    "lightningcss-win32-x64-msvc@1.29.1": {
      "integrity": "sha512-NygcbThNBe4JElP+olyTI/doBNGJvLs3bFCRPdvuCcxZCcCZ71B858IHpdm7L1btZex0FvCmM17FK98Y9MRy1Q=="
    },
    "lightningcss@1.29.1": {
      "integrity": "sha512-FmGoeD4S05ewj+AkhTY+D+myDvXI6eL27FjHIjoyUkO/uw7WZD1fBVs0QxeYWa7E17CUHJaYX/RUGISCtcrG4Q==",
      "dependencies": [
        "detect-libc",
        "lightningcss-darwin-arm64",
        "lightningcss-darwin-x64",
        "lightningcss-freebsd-x64",
        "lightningcss-linux-arm-gnueabihf",
        "lightningcss-linux-arm64-gnu",
        "lightningcss-linux-arm64-musl",
        "lightningcss-linux-x64-gnu",
        "lightningcss-linux-x64-musl",
        "lightningcss-win32-arm64-msvc",
        "lightningcss-win32-x64-msvc"
      ]
    },
    "micromatch@4.0.8": {
      "integrity": "sha512-PXwfBhYu0hBCPw8Dn0E+WDYb7af3dSLVWKi3HGv84IdF4TyFoC0ysxFd0Goxw7nSv4T/PzEJQxsYsEiFCKo2BA==",
      "dependencies": [
        "braces",
        "picomatch"
      ]
    },
    "mri@1.2.0": {
      "integrity": "sha512-tzzskb3bG8LvYGFF/mDTpq3jpI6Q9wc3LEmBaghu+DdCssd1FakN7Bc0hVNmEyGq1bq3RgfkCb3cmQLpNPOroA=="
    },
    "nanoid@3.3.8": {
      "integrity": "sha512-WNLf5Sd8oZxOm+TzppcYk8gVOgP+l58xNy58D0nbUnOxOWRWvlcCV4kUF7ltmI6PsrLl/BgKEyS4mqsGChFN0w=="
    },
    "node-addon-api@7.1.1": {
      "integrity": "sha512-5m3bsyrjFWE1xf7nz7YXdN4udnVtXK6/Yfgn5qnahL6bCkf2yKt4k3nuTKAtT4r3IG8JNR2ncsIMdZuAzJjHQQ=="
    },
    "node-fetch-native@1.6.4": {
      "integrity": "sha512-IhOigYzAKHd244OC0JIMIUrjzctirCmPkaIfhDeGcEETWof5zKYUW7e7MYvChGWh/4CJeXEgsRyGzuF334rOOQ=="
    },
    "ofetch@1.4.1": {
      "integrity": "sha512-QZj2DfGplQAr2oj9KzceK9Hwz6Whxazmn85yYeVuS3u9XTMOGMRx0kO95MQ+vLsj/S/NwBDMMLU5hpxvI6Tklw==",
      "dependencies": [
        "destr",
        "node-fetch-native",
        "ufo"
      ]
    },
    "picocolors@1.1.1": {
      "integrity": "sha512-xceH2snhtb5M9liqDsmEw56le376mTZkEX/jEb/RxNFyegNul7eNslCXP9FDj/Lcu0X8KEyMceP2ntpaHrDEVA=="
    },
    "picomatch@2.3.1": {
      "integrity": "sha512-JU3teHTNjmE2VCGFzuY8EXzCDVwEqB2a8fsIvwaStHhAWJEeVd1o1QD80CU6+ZdEXXSLbSsuLwJjkCBWqRQUVA=="
    },
    "postcss@8.4.49": {
      "integrity": "sha512-OCVPnIObs4N29kxTjzLfUryOkvZEq+pf8jTF0lg8E7uETuWHA+v7j3c/xJmiqpX450191LlmZfUKkXxkTry7nA==",
      "dependencies": [
        "nanoid",
        "picocolors",
        "source-map-js"
      ]
    },
    "postcss@8.5.1": {
      "integrity": "sha512-6oz2beyjc5VMn/KV1pPw8fliQkhBXrVn1Z3TVyqZxU8kZpzEKhBdmCFqI6ZbmGtamQvQGuU1sgPTk8ZrXDD7jQ==",
      "dependencies": [
        "nanoid",
        "picocolors",
        "source-map-js"
      ]
    },
    "react@19.0.0": {
      "integrity": "sha512-V8AVnmPIICiWpGfm6GLzCR/W5FXLchHop40W4nXBmdlEceh16rCN8O8LNWm5bh5XUX91fh7KpA+W0TgMKmgTpQ=="
    },
    "secure-json-parse@2.7.0": {
      "integrity": "sha512-6aU+Rwsezw7VR8/nyvKTx8QpWH9FrcYiXXlqC4z5d5XQBDRqtbfsRjnwGyqbi3gddNtWHuEk9OANUotL26qKUw=="
    },
    "source-map-js@1.2.1": {
      "integrity": "sha512-UXWMKhLOwVKb728IUtQPXxfYU+usdybtUrK/8uGE8CQMvrhOpwvzDBwj0QhSL7MQc7vIsISBG8VQ8+IDQxpfQA=="
    },
    "swr@2.3.0_react@19.0.0": {
      "integrity": "sha512-NyZ76wA4yElZWBHzSgEJc28a0u6QZvhb6w0azeL2k7+Q1gAzVK+IqQYXhVOC/mzi+HZIozrZvBVeSeOZNR2bqA==",
      "dependencies": [
        "dequal",
        "react",
        "use-sync-external-store"
      ]
    },
    "tailwindcss@4.0.0-beta.6": {
      "integrity": "sha512-eCCuMk3H65w4J/QWkjxfeWoBSKbCD3E6Uj2LA6Xkkl4eMa1MXuwVpIU1RXcLIp+BVsXGEZMP7i7uJig7KxfAXQ=="
    },
    "tailwindcss@4.0.1": {
      "integrity": "sha512-UK5Biiit/e+r3i0O223bisoS5+y7ZT1PM8Ojn0MxRHzXN1VPZ2KY6Lo6fhu1dOfCfyUAlK7Lt6wSxowRabATBw=="
    },
    "tapable@2.2.1": {
      "integrity": "sha512-GNzQvQTOIP6RyTfE2Qxb8ZVlNmw0n88vp1szwWRimP02mnTsx3Wtn5qRdqY9w2XduFNUgvOwhNnQsjwCp+kqaQ=="
    },
    "throttleit@2.1.0": {
      "integrity": "sha512-nt6AMGKW1p/70DF/hGBdJB57B8Tspmbp5gfJ8ilhLnt7kkr2ye7hzD6NVG8GGErk2HWF34igrL2CXmNIkzKqKw=="
    },
    "to-regex-range@5.0.1": {
      "integrity": "sha512-65P7iz6X5yEr1cwcgvQxbbIw7Uk3gOy5dIdtZ4rDveLqhrdJP+Li/Hx6tyK0NEb+2GCyneCMJiGqrADCSNk8sQ==",
      "dependencies": [
        "is-number"
      ]
    },
    "ufo@1.5.4": {
      "integrity": "sha512-UsUk3byDzKd04EyoZ7U4DOlxQaD14JUKQl6/P7wiX4FNvUfm3XL246n9W5AmqwW5RSFJ27NAuM0iLscAOYUiGQ=="
    },
    "undici-types@6.19.8": {
      "integrity": "sha512-ve2KP6f/JnbPBFyobGHuerC9g1FYGn/F8n1LWTwNxCEzd6IfqTwUQcNXgEtmmQ6DlRrC1hrSrBnCZPokRrDHjw=="
    },
    "use-sync-external-store@1.4.0_react@19.0.0": {
      "integrity": "sha512-9WXSPC5fMv61vaupRkCKCxsPxBocVnwakBEkMIHHpkTTg6icbJtg6jzgtLDm4bl3cSHAca52rYWih0k4K3PfHw==",
      "dependencies": [
        "react"
      ]
    },
    "valibot@1.0.0-beta.14": {
      "integrity": "sha512-tLyV2rE5QL6U29MFy3xt4AqMrn+/HErcp2ZThASnQvPMwfSozjV1uBGKIGiegtZIGjinJqn0SlBdannf18wENA=="
    },
    "which@2.0.2": {
      "integrity": "sha512-BLI3Tl1TW3Pvl70l3yq3Y64i+awpwXqsGBYWkkqMtnbXgrMD+yj7rhW0kuEDxzJaYXGjEW5ogapKNMEKNMjibA==",
      "dependencies": [
        "isexe"
      ]
    },
    "zod-to-json-schema@3.24.1_zod@3.24.1": {
      "integrity": "sha512-3h08nf3Vw3Wl3PK+q3ow/lIil81IT2Oa7YpQyUUDsEWbXveMesdfK1xBd2RhCkynwZndAxixji/7SYJJowr62w==",
      "dependencies": [
        "zod"
      ]
    },
    "zod@3.24.1": {
      "integrity": "sha512-muH7gBL9sI1nciMZV67X5fTKKBLtwpZ5VBp1vsOQzj1MhrBZ4wlVCm3gedKZWLp0Oyel8sIGfeiz54Su+OVT+A=="
    }
  },
  "workspace": {
    "dependencies": [
      "jsr:@std/assert@^1.0.11",
      "npm:@openrouter/ai-sdk-provider@^0.0.6"
    ],
    "members": {
      "packages/llm": {
        "dependencies": [
          "jsr:@db/sqlite@0.12",
          "jsr:@sallai/ask@^2.0.2",
          "jsr:@std/assert@1",
          "jsr:@std/cli@^1.0.11",
          "jsr:@std/fs@^1.0.10",
          "jsr:@std/io@~0.225.1",
          "jsr:@std/path@^1.0.8",
          "npm:@ai-sdk/cerebras@~0.1.6",
          "npm:@ai-sdk/groq@^1.1.6",
          "npm:@hono/valibot-validator@~0.5.2",
          "npm:@tailwindcss/cli@^4.0.1",
          "npm:@tailwindcss/postcss@^4.0.1",
          "npm:ai@^4.1.11",
          "npm:hono@^4.6.19",
          "npm:postcss@^8.5.1",
          "npm:tailwindcss@^4.0.1",
          "npm:valibot@^1.0.0-beta.14",
          "npm:zod@^3.24.1"
        ]
      },
      "packages/pkg": {
        "dependencies": [
          "jsr:@david/dax@0.42",
          "jsr:@std/cli@^1.0.7",
          "jsr:@std/fs@^1.0.5",
          "jsr:@std/path@^1.0.7",
          "npm:create-desktop-shortcuts@^1.11.0",
          "npm:ofetch@^1.4.1"
        ]
      },
      "packages/update": {
        "dependencies": [
          "jsr:@david/dax@0.42",
          "jsr:@std/fs@^1.0.5",
          "jsr:@std/path@^1.0.7"
        ]
      }
    }
  }
}
