{
  "version": "4",
  "specifiers": {
    "jsr:@david/dax@0.42": "0.42.0",
    "jsr:@david/path@0.2": "0.2.0",
    "jsr:@david/which@~0.4.1": "0.4.1",
    "jsr:@std/assert@0.221": "0.221.0",
    "jsr:@std/assert@0.224": "0.224.0",
    "jsr:@std/bytes@0.221": "0.221.0",
    "jsr:@std/cli@^1.0.7": "1.0.7",
    "jsr:@std/fmt@1": "1.0.3",
    "jsr:@std/fs@1": "1.0.5",
    "jsr:@std/fs@^1.0.5": "1.0.5",
    "jsr:@std/io@0.221": "0.221.0",
    "jsr:@std/path@1": "1.0.7",
    "jsr:@std/path@^1.0.7": "1.0.7",
    "jsr:@std/streams@0.221": "0.221.0",
    "npm:@types/node@*": "22.5.4",
    "npm:create-desktop-shortcuts@^1.11.0": "1.11.0",
    "npm:ofetch@^1.4.1": "1.4.1"
  },
  "jsr": {
    "@david/dax@0.42.0": {
      "integrity": "0c547c9a20577a6072b90def194c159c9ddab82280285ebfd8268a4ebefbd80b",
      "dependencies": [
        "jsr:@david/path",
        "jsr:@david/which",
        "jsr:@std/fmt",
        "jsr:@std/fs@1",
        "jsr:@std/io",
        "jsr:@std/path@1",
        "jsr:@std/streams"
      ]
    },
    "@david/path@0.2.0": {
      "integrity": "f2d7aa7f02ce5a55e27c09f9f1381794acb09d328f8d3c8a2e3ab3ffc294dccd",
      "dependencies": [
        "jsr:@std/fs@1",
        "jsr:@std/path@1"
      ]
    },
    "@david/which@0.4.1": {
      "integrity": "896a682b111f92ab866cc70c5b4afab2f5899d2f9bde31ed00203b9c250f225e"
    },
    "@std/assert@0.221.0": {
      "integrity": "a5f1aa6e7909dbea271754fd4ab3f4e687aeff4873b4cef9a320af813adb489a"
    },
    "@std/assert@0.224.0": {
      "integrity": "8643233ec7aec38a940a8264a6e3eed9bfa44e7a71cc6b3c8874213ff401967f"
    },
    "@std/bytes@0.221.0": {
      "integrity": "64a047011cf833890a4a2ab7293ac55a1b4f5a050624ebc6a0159c357de91966"
    },
    "@std/cli@1.0.7": {
      "integrity": "98359df9df586a69015ba570305183b0cb9e7d53c05ea2016ef9a3e77e82c7cd"
    },
    "@std/fmt@1.0.3": {
      "integrity": "97765c16aa32245ff4e2204ecf7d8562496a3cb8592340a80e7e554e0bb9149f"
    },
    "@std/fs@1.0.5": {
      "integrity": "41806ad6823d0b5f275f9849a2640d87e4ef67c51ee1b8fb02426f55e02fd44e",
      "dependencies": [
        "jsr:@std/path@^1.0.7"
      ]
    },
    "@std/io@0.221.0": {
      "integrity": "faf7f8700d46ab527fa05cc6167f4b97701a06c413024431c6b4d207caa010da",
      "dependencies": [
        "jsr:@std/assert@0.221",
        "jsr:@std/bytes"
      ]
    },
    "@std/path@1.0.7": {
      "integrity": "76a689e07f0e15dcc6002ec39d0866797e7156629212b28f27179b8a5c3b33a1"
    },
    "@std/streams@0.221.0": {
      "integrity": "47f2f74634b47449277c0ee79fe878da4424b66bd8975c032e3afdca88986e61",
      "dependencies": [
        "jsr:@std/io"
      ]
    }
  },
  "npm": {
    "@types/node@22.5.4": {
      "integrity": "sha512-FDuKUJQm/ju9fT/SeX/6+gBzoPzlVCzfzmGkwKvRHQVxi4BntVbyIwf6a4Xn62mrvndLiml6z/UBXIdEVjQLXg==",
      "dependencies": [
        "undici-types"
      ]
    },
    "create-desktop-shortcuts@1.11.0": {
      "integrity": "sha512-nmVtPVqNyMuAyMpDnd7l++hb2laqCWZXnHQaFhqGT1YEi2Ve3unu6QyuyIpGxAwIscNHcG1Ehnl+lFw6ygB2nQ==",
      "dependencies": [
        "which"
      ]
    },
    "destr@2.0.3": {
      "integrity": "sha512-2N3BOUU4gYMpTP24s5rF5iP7BDr7uNTCs4ozw3kf/eKfvWSIu93GEBi5m427YoyJoeOzQ5smuu4nNAPGb8idSQ=="
    },
    "isexe@2.0.0": {
      "integrity": "sha512-RHxMLp9lnKHGHRng9QFhRCMbYAcVpn69smSGcq3f36xjgVVWThj4qqLbTLlq7Ssj8B+fIQ1EuCEGI2lKsyQeIw=="
    },
    "node-fetch-native@1.6.4": {
      "integrity": "sha512-IhOigYzAKHd244OC0JIMIUrjzctirCmPkaIfhDeGcEETWof5zKYUW7e7MYvChGWh/4CJeXEgsRyGzuF334rOOQ=="
    },
    "ofetch@1.4.1": {
      "integrity": "sha512-QZj2DfGplQAr2oj9KzceK9Hwz6Whxazmn85yYeVuS3u9XTMOGMRx0kO95MQ+vLsj/S/NwBDMMLU5hpxvI6Tklw==",
      "dependencies": [
        "destr",
        "node-fetch-native",
        "ufo"
      ]
    },
    "ufo@1.5.4": {
      "integrity": "sha512-UsUk3byDzKd04EyoZ7U4DOlxQaD14JUKQl6/P7wiX4FNvUfm3XL246n9W5AmqwW5RSFJ27NAuM0iLscAOYUiGQ=="
    },
    "undici-types@6.19.8": {
      "integrity": "sha512-ve2KP6f/JnbPBFyobGHuerC9g1FYGn/F8n1LWTwNxCEzd6IfqTwUQcNXgEtmmQ6DlRrC1hrSrBnCZPokRrDHjw=="
    },
    "which@2.0.2": {
      "integrity": "sha512-BLI3Tl1TW3Pvl70l3yq3Y64i+awpwXqsGBYWkkqMtnbXgrMD+yj7rhW0kuEDxzJaYXGjEW5ogapKNMEKNMjibA==",
      "dependencies": [
        "isexe"
      ]
    }
  },
  "workspace": {
    "members": {
      "packages/pkg": {
        "dependencies": [
          "jsr:@david/dax@0.42",
          "jsr:@std/cli@^1.0.7",
          "jsr:@std/fs@^1.0.5",
          "jsr:@std/path@^1.0.7",
          "npm:create-desktop-shortcuts@^1.11.0",
          "npm:ofetch@^1.4.1"
        ]
      },
      "packages/update": {
        "dependencies": [
          "jsr:@david/dax@0.42",
          "jsr:@std/fs@^1.0.5",
          "jsr:@std/path@^1.0.7"
        ]
      }
    }
  }
}
